github.com/dlclark/regexp2 v1.11.5 h1:Q/sSnsKerHeCkc/jSTNq1oCm7KiVgUMZRDUoRu0JQZQ=
github.com/dlclark/regexp2 v1.11.5/go.mod h1:DHkYz0B9wPfa6wondMfaivmHpzrQ3v9q8cnmRbL6yW8=
github.com/go-json-experiment/json v0.0.0-20251027170946-4849db3c2f7e h1:Lf/gRkoycfOBPa42vU2bbgPurFong6zXeFtPoxholzU=
github.com/go-json-experiment/json v0.0.0-20251027170946-4849db3c2f7e/go.mod h1:uNVvRXArCGbZ508SxYYTC5v1JWoz2voff5pm25jU1Ok=
github.com/google/go-cmp v0.7.0 h1:wk8382ETsv4JYUZwIsn6YpYiWiBsYLSJiTsyBybVuN8=
github.com/google/go-cmp v0.7.0/go.mod h1:pXiqmnSA92OHEEa9HXL2W4E7lf9JzCmGVUdgjX3N/iU=
github.com/microsoft/typescript-go v0.0.0-20260207160609-5597f4c8ecf4 h1:NJ6/IMy+iDMEuxBqkugTicaoaZtW68r6iVpgE/4n/O4=
github.com/microsoft/typescript-go v0.0.0-20260207160609-5597f4c8ecf4/go.mod h1:YrrCoa1kn/B+vCZ0byeA/7VoRYvUjKryjMz5jX9Un18=
golang.org/x/sync v0.19.0 h1:vV+1eWNmZ5geRlYjzm2adRgW2/mcpevXNg50YZtPCE4=
golang.org/x/sync v0.19.0/go.mod h1:9KTHXmSnoGruLpwFjVSX0lNNA75CykiMECbovNTZqGI=
golang.org/x/sys v0.40.0 h1:DBZZqJ2Rkml6QMQsZywtnjnnGvHza6BTfYFWY9kjEWQ=
golang.org/x/sys v0.40.0/go.mod h1:OgkHotnGiDImocRcuBABYBEXf8A9a87e/uXjp9XT3ks=
gotest.tools/v3 v3.5.2 h1:7koQfIKdy+I8UTetycgUqXWSDwpgv193Ka+qRsmBY8Q=
gotest.tools/v3 v3.5.2/go.mod h1:LtdLGcnqToBH83WByAAi/wiwSFCArdFIUV/xxN4pcjA=
